
Microsoft Visual Studio Solution File, Format Version 12.00
# Visual Studio Version 16
VisualStudioVersion = 16.0.29519.181
MinimumVisualStudioVersion = 10.0.40219.1
Project("{8BC9CEB8-8B4A-11D0-8D11-00A0C91BC942}") = "SocketProgramming01", "SocketProgramming01.vcxproj", "{1D615E19-53E8-4490-A643-9EC61E29209C}"
EndProject
Project("{8BC9CEB8-8B4A-11D0-8D11-00A0C91BC942}") = "Server01", "..\Server01\Server01.vcxproj", "{E1658531-A55A-4ED8-AC9E-75BC68648F25}"
EndProject
Project("{8BC9CEB8-8B4A-11D0-8D11-00A0C91BC942}") = "Client01", "..\Client01\Client01.vcxproj", "{F28FCDC9-F3B3-465D-8A08-B1500DCFC062}"
EndProject
Project("{8BC9CEB8-8B4A-11D0-8D11-00A0C91BC942}") = "Arpie Server", "..\Arpie Server\Arpie Server.vcxproj", "{6D99EF45-AAF4-4D6C-A2CA-96C4686C9D45}"
EndProject
Global
	GlobalSection(SolutionConfigurationPlatforms) = preSolution
		Debug|x64 = Debug|x64
		Debug|x86 = Debug|x86
		Release|x64 = Release|x64
		Release|x86 = Release|x86
	EndGlobalSection
	GlobalSection(ProjectConfigurationPlatforms) = postSolution
		{1D615E19-53E8-4490-A643-9EC61E29209C}.Debug|x64.ActiveCfg = Debug|x64
		{1D615E19-53E8-4490-A643-9EC61E29209C}.Debug|x64.Build.0 = Debug|x64
		{1D615E19-53E8-4490-A643-9EC61E29209C}.Debug|x86.ActiveCfg = Debug|Win32
		{1D615E19-53E8-4490-A643-9EC61E29209C}.Debug|x86.Build.0 = Debug|Win32
		{1D615E19-53E8-4490-A643-9EC61E29209C}.Release|x64.ActiveCfg = Release|x64
		{1D615E19-53E8-4490-A643-9EC61E29209C}.Release|x64.Build.0 = Release|x64
		{1D615E19-53E8-4490-A643-9EC61E29209C}.Release|x86.ActiveCfg = Release|Win32
		{1D615E19-53E8-4490-A643-9EC61E29209C}.Release|x86.Build.0 = Release|Win32
		{E1658531-A55A-4ED8-AC9E-75BC68648F25}.Debug|x64.ActiveCfg = Debug|x64
		{E1658531-A55A-4ED8-AC9E-75BC68648F25}.Debug|x64.Build.0 = Debug|x64
		{E1658531-A55A-4ED8-AC9E-75BC68648F25}.Debug|x86.ActiveCfg = Debug|Win32
		{E1658531-A55A-4ED8-AC9E-75BC68648F25}.Debug|x86.Build.0 = Debug|Win32
		{E1658531-A55A-4ED8-AC9E-75BC68648F25}.Release|x64.ActiveCfg = Release|x64
		{E1658531-A55A-4ED8-AC9E-75BC68648F25}.Release|x64.Build.0 = Release|x64
		{E1658531-A55A-4ED8-AC9E-75BC68648F25}.Release|x86.ActiveCfg = Release|Win32
		{E1658531-A55A-4ED8-AC9E-75BC68648F25}.Release|x86.Build.0 = Release|Win32
		{F28FCDC9-F3B3-465D-8A08-B1500DCFC062}.Debug|x64.ActiveCfg = Debug|x64
		{F28FCDC9-F3B3-465D-8A08-B1500DCFC062}.Debug|x64.Build.0 = Debug|x64
		{F28FCDC9-F3B3-465D-8A08-B1500DCFC062}.Debug|x86.ActiveCfg = Debug|Win32
		{F28FCDC9-F3B3-465D-8A08-B1500DCFC062}.Debug|x86.Build.0 = Debug|Win32
		{F28FCDC9-F3B3-465D-8A08-B1500DCFC062}.Release|x64.ActiveCfg = Release|x64
		{F28FCDC9-F3B3-465D-8A08-B1500DCFC062}.Release|x64.Build.0 = Release|x64
		{F28FCDC9-F3B3-465D-8A08-B1500DCFC062}.Release|x86.ActiveCfg = Release|Win32
		{F28FCDC9-F3B3-465D-8A08-B1500DCFC062}.Release|x86.Build.0 = Release|Win32
		{6D99EF45-AAF4-4D6C-A2CA-96C4686C9D45}.Debug|x64.ActiveCfg = Debug|x64
		{6D99EF45-AAF4-4D6C-A2CA-96C4686C9D45}.Debug|x64.Build.0 = Debug|x64
		{6D99EF45-AAF4-4D6C-A2CA-96C4686C9D45}.Debug|x86.ActiveCfg = Debug|Win32
		{6D99EF45-AAF4-4D6C-A2CA-96C4686C9D45}.Debug|x86.Build.0 = Debug|Win32
		{6D99EF45-AAF4-4D6C-A2CA-96C4686C9D45}.Release|x64.ActiveCfg = Release|x64
		{6D99EF45-AAF4-4D6C-A2CA-96C4686C9D45}.Release|x64.Build.0 = Release|x64
		{6D99EF45-AAF4-4D6C-A2CA-96C4686C9D45}.Release|x86.ActiveCfg = Release|Win32
		{6D99EF45-AAF4-4D6C-A2CA-96C4686C9D45}.Release|x86.Build.0 = Release|Win32
	EndGlobalSection
	GlobalSection(SolutionProperties) = preSolution
		HideSolutionNode = FALSE
	EndGlobalSection
	GlobalSection(ExtensibilityGlobals) = postSolution
		SolutionGuid = {7FC42FCD-FFD9-4944-B7A1-C7E8846536C3}
	EndGlobalSection
EndGlobal
